
Microsoft Visual Studio Solution File, Format Version 12.00
# Visual Studio 15
VisualStudioVersion = 15.0.27703.2042
MinimumVisualStudioVersion = 10.0.40219.1
Project("{9A19103F-16F7-4668-BE54-9A1E7A4F7556}") = "D.DbSchema.Abstractions", "D.DbSchema.Abstractions\D.DbSchema.Abstractions.csproj", "{7C1BE9AC-6851-4887-A298-408B862E2C50}"
EndProject
Project("{2150E333-8FDC-42A3-9474-1A3956D46DE8}") = "Src", "Src", "{305A24DF-266D-42D8-B95E-8488964773F3}"
EndProject
Project("{2150E333-8FDC-42A3-9474-1A3956D46DE8}") = "Test", "Test", "{FD9C115B-ADE8-45CE-BAAD-BB74BD8FEF89}"
EndProject
Project("{9A19103F-16F7-4668-BE54-9A1E7A4F7556}") = "DbSchema.Server", "DbSchema.Server\DbSchema.Server.csproj", "{D6BECC3C-9EFA-484E-964A-9916EFFAB4C6}"
EndProject
Project("{9A19103F-16F7-4668-BE54-9A1E7A4F7556}") = "D.DbSchema.PO", "D.DbSchema.PO\D.DbSchema.PO.csproj", "{86F57003-3230-4A83-8315-A59B967BD20E}"
EndProject
Project("{9A19103F-16F7-4668-BE54-9A1E7A4F7556}") = "D.Domain.Abstractions", "D.Domain.Abstractions\D.Domain.Abstractions.csproj", "{289A3B0A-D2DB-450C-9091-295070652DC9}"
EndProject
Project("{9A19103F-16F7-4668-BE54-9A1E7A4F7556}") = "D.Domain.Repository.EfCore", "D.Domain.Repository.EfCore\D.Domain.Repository.EfCore.csproj", "{4CA5808F-41E3-4D9B-8A4F-8EC96D5AF279}"
EndProject
Project("{9A19103F-16F7-4668-BE54-9A1E7A4F7556}") = "D.DbSchema.Domain.PostgreSQL", "D.DbSchema.Domain.PostgreSQL\D.DbSchema.Domain.PostgreSQL.csproj", "{9D772CA7-4C9B-48B8-8B83-09A81D6765E9}"
EndProject
Project("{9A19103F-16F7-4668-BE54-9A1E7A4F7556}") = "D.DbSchema.Core", "D.DbSchema.Core\D.DbSchema.Core.csproj", "{FF3DA29D-F40B-4F0F-8661-F9D0F0A63321}"
EndProject
Project("{FAE04EC0-301F-11D3-BF4B-00C04F79EFBC}") = "D.Utils.Result", "D.Utils.Result\D.Utils.Result.csproj", "{2F545202-785F-4FD6-9F1B-36B78BB5ACB9}"
EndProject
Project("{2150E333-8FDC-42A3-9474-1A3956D46DE8}") = "Utils", "Utils", "{370DA338-76D1-47F9-8255-23EF66A8ECB9}"
EndProject
Global
	GlobalSection(SolutionConfigurationPlatforms) = preSolution
		Debug|Any CPU = Debug|Any CPU
		Release|Any CPU = Release|Any CPU
	EndGlobalSection
	GlobalSection(ProjectConfigurationPlatforms) = postSolution
		{7C1BE9AC-6851-4887-A298-408B862E2C50}.Debug|Any CPU.ActiveCfg = Debug|Any CPU
		{7C1BE9AC-6851-4887-A298-408B862E2C50}.Debug|Any CPU.Build.0 = Debug|Any CPU
		{7C1BE9AC-6851-4887-A298-408B862E2C50}.Release|Any CPU.ActiveCfg = Release|Any CPU
		{7C1BE9AC-6851-4887-A298-408B862E2C50}.Release|Any CPU.Build.0 = Release|Any CPU
		{D6BECC3C-9EFA-484E-964A-9916EFFAB4C6}.Debug|Any CPU.ActiveCfg = Debug|Any CPU
		{D6BECC3C-9EFA-484E-964A-9916EFFAB4C6}.Debug|Any CPU.Build.0 = Debug|Any CPU
		{D6BECC3C-9EFA-484E-964A-9916EFFAB4C6}.Release|Any CPU.ActiveCfg = Release|Any CPU
		{D6BECC3C-9EFA-484E-964A-9916EFFAB4C6}.Release|Any CPU.Build.0 = Release|Any CPU
		{86F57003-3230-4A83-8315-A59B967BD20E}.Debug|Any CPU.ActiveCfg = Debug|Any CPU
		{86F57003-3230-4A83-8315-A59B967BD20E}.Debug|Any CPU.Build.0 = Debug|Any CPU
		{86F57003-3230-4A83-8315-A59B967BD20E}.Release|Any CPU.ActiveCfg = Release|Any CPU
		{86F57003-3230-4A83-8315-A59B967BD20E}.Release|Any CPU.Build.0 = Release|Any CPU
		{289A3B0A-D2DB-450C-9091-295070652DC9}.Debug|Any CPU.ActiveCfg = Debug|Any CPU
		{289A3B0A-D2DB-450C-9091-295070652DC9}.Debug|Any CPU.Build.0 = Debug|Any CPU
		{289A3B0A-D2DB-450C-9091-295070652DC9}.Release|Any CPU.ActiveCfg = Release|Any CPU
		{289A3B0A-D2DB-450C-9091-295070652DC9}.Release|Any CPU.Build.0 = Release|Any CPU
		{4CA5808F-41E3-4D9B-8A4F-8EC96D5AF279}.Debug|Any CPU.ActiveCfg = Debug|Any CPU
		{4CA5808F-41E3-4D9B-8A4F-8EC96D5AF279}.Debug|Any CPU.Build.0 = Debug|Any CPU
		{4CA5808F-41E3-4D9B-8A4F-8EC96D5AF279}.Release|Any CPU.ActiveCfg = Release|Any CPU
		{4CA5808F-41E3-4D9B-8A4F-8EC96D5AF279}.Release|Any CPU.Build.0 = Release|Any CPU
		{9D772CA7-4C9B-48B8-8B83-09A81D6765E9}.Debug|Any CPU.ActiveCfg = Debug|Any CPU
		{9D772CA7-4C9B-48B8-8B83-09A81D6765E9}.Debug|Any CPU.Build.0 = Debug|Any CPU
		{9D772CA7-4C9B-48B8-8B83-09A81D6765E9}.Release|Any CPU.ActiveCfg = Release|Any CPU
		{9D772CA7-4C9B-48B8-8B83-09A81D6765E9}.Release|Any CPU.Build.0 = Release|Any CPU
		{FF3DA29D-F40B-4F0F-8661-F9D0F0A63321}.Debug|Any CPU.ActiveCfg = Debug|Any CPU
		{FF3DA29D-F40B-4F0F-8661-F9D0F0A63321}.Debug|Any CPU.Build.0 = Debug|Any CPU
		{FF3DA29D-F40B-4F0F-8661-F9D0F0A63321}.Release|Any CPU.ActiveCfg = Release|Any CPU
		{FF3DA29D-F40B-4F0F-8661-F9D0F0A63321}.Release|Any CPU.Build.0 = Release|Any CPU
		{2F545202-785F-4FD6-9F1B-36B78BB5ACB9}.Debug|Any CPU.ActiveCfg = Debug|Any CPU
		{2F545202-785F-4FD6-9F1B-36B78BB5ACB9}.Debug|Any CPU.Build.0 = Debug|Any CPU
		{2F545202-785F-4FD6-9F1B-36B78BB5ACB9}.Release|Any CPU.ActiveCfg = Release|Any CPU
		{2F545202-785F-4FD6-9F1B-36B78BB5ACB9}.Release|Any CPU.Build.0 = Release|Any CPU
	EndGlobalSection
	GlobalSection(SolutionProperties) = preSolution
		HideSolutionNode = FALSE
	EndGlobalSection
	GlobalSection(NestedProjects) = preSolution
		{7C1BE9AC-6851-4887-A298-408B862E2C50} = {305A24DF-266D-42D8-B95E-8488964773F3}
		{D6BECC3C-9EFA-484E-964A-9916EFFAB4C6} = {305A24DF-266D-42D8-B95E-8488964773F3}
		{86F57003-3230-4A83-8315-A59B967BD20E} = {305A24DF-266D-42D8-B95E-8488964773F3}
		{289A3B0A-D2DB-450C-9091-295070652DC9} = {305A24DF-266D-42D8-B95E-8488964773F3}
		{4CA5808F-41E3-4D9B-8A4F-8EC96D5AF279} = {305A24DF-266D-42D8-B95E-8488964773F3}
		{9D772CA7-4C9B-48B8-8B83-09A81D6765E9} = {305A24DF-266D-42D8-B95E-8488964773F3}
		{FF3DA29D-F40B-4F0F-8661-F9D0F0A63321} = {305A24DF-266D-42D8-B95E-8488964773F3}
		{2F545202-785F-4FD6-9F1B-36B78BB5ACB9} = {370DA338-76D1-47F9-8255-23EF66A8ECB9}
		{370DA338-76D1-47F9-8255-23EF66A8ECB9} = {305A24DF-266D-42D8-B95E-8488964773F3}
	EndGlobalSection
	GlobalSection(ExtensibilityGlobals) = postSolution
		SolutionGuid = {EE5B9A10-F9A3-409B-A056-E7BE542320BE}
	EndGlobalSection
EndGlobal
